
Microsoft Visual Studio Solution File, Format Version 12.00
# Visual Studio Version 17
VisualStudioVersion = 17.8.34330.188
MinimumVisualStudioVersion = 10.0.40219.1
Project("{FAE04EC0-301F-11D3-BF4B-00C04F79EFBC}") = "LabWork", "LabWork\LabWork.csproj", "{8B7B4531-57FF-47FA-947A-9F9EA8B8245F}"
EndProject
Global
	GlobalSection(SolutionConfigurationPlatforms) = preSolution
		Debug|Any CPU = Debug|Any CPU
		Release|Any CPU = Release|Any CPU
	EndGlobalSection
	GlobalSection(ProjectConfigurationPlatforms) = postSolution
		{8B7B4531-57FF-47FA-947A-9F9EA8B8245F}.Debug|Any CPU.ActiveCfg = Debug|Any CPU
		{8B7B4531-57FF-47FA-947A-9F9EA8B8245F}.Debug|Any CPU.Build.0 = Debug|Any CPU
		{8B7B4531-57FF-47FA-947A-9F9EA8B8245F}.Release|Any CPU.ActiveCfg = Release|Any CPU
		{8B7B4531-57FF-47FA-947A-9F9EA8B8245F}.Release|Any CPU.Build.0 = Release|Any CPU
	EndGlobalSection
	GlobalSection(SolutionProperties) = preSolution
		HideSolutionNode = FALSE
	EndGlobalSection
	GlobalSection(ExtensibilityGlobals) = postSolution
		SolutionGuid = {BC6595B3-207C-4BFD-ADBB-3315A7428CDE}
	EndGlobalSection
EndGlobal
